// !$*UTF8*$!
{
	archiveVersion = 1;
	classes = {
	};
	objectVersion = 77;
	objects = {

/* Begin PBXBuildFile section */
		012D94967CCA41C793AA7181 /* RainbowWidgetSnapshot.swift in Sources */ = {isa = PBXBuildFile; fileRef = D1EFC7D8766C57DAEF2CB283 /* RainbowWidgetSnapshot.swift */; };
		035D5DF623150C93CC30AEB7 /* TodoTips.swift in Sources */ = {isa = PBXBuildFile; fileRef = C612D8C00BFD0642D31F33A4 /* TodoTips.swift */; };
		070178DC5D08AD7F1A28C2FB /* TodoView.swift in Sources */ = {isa = PBXBuildFile; fileRef = 910FBBD73ECA9E9527512FE8 /* TodoView.swift */; };
		07FC5C932B3420EFA68FBDBB /* FamilyShareStore.swift in Sources */ = {isa = PBXBuildFile; fileRef = AE4F89BB87CEC698A7C04740 /* FamilyShareStore.swift */; };
		07FF2CA8DD7C9425D2D6F95B /* TodoWidgetSnapshot.swift in Sources */ = {isa = PBXBuildFile; fileRef = E0F72F9EC4C2F155B4FA16D8 /* TodoWidgetSnapshot.swift */; };
		15AC4BCD3A340F00631B1579 /* CalendarImportView.swift in Sources */ = {isa = PBXBuildFile; fileRef = 3E9C53AD99A30D54F2734AFB /* CalendarImportView.swift */; };
		15BD1FF9295E0253422A35FA /* TodoSplitOnboarding.swift in Sources */ = {isa = PBXBuildFile; fileRef = 6B68A7C9BC1F03C133EFD277 /* TodoSplitOnboarding.swift */; };
		18554C8EA4088D5836DAC51C /* DateExtensions.swift in Sources */ = {isa = PBXBuildFile; fileRef = 61808975C3F29C0A9061722C /* DateExtensions.swift */; };
		1A9DF801882FB2C7865CD0F6 /* DensityCalculator.swift in Sources */ = {isa = PBXBuildFile; fileRef = 63283233385421AD018AB5E7 /* DensityCalculator.swift */; };
		1B996BF59FB33CBFD7560DCC /* StatisticsView.swift in Sources */ = {isa = PBXBuildFile; fileRef = E38C8AF31ACA72741BF8046B /* StatisticsView.swift */; };
		1FFCE7DA79C38C4AA79B8738 /* BacklogCategory.swift in Sources */ = {isa = PBXBuildFile; fileRef = CA8FFF09CAB99DC6FB56A1BB /* BacklogCategory.swift */; };
		2200136119E353E928C1888D /* BacklogItem.swift in Sources */ = {isa = PBXBuildFile; fileRef = 2CBAA221C53BC924F7AF2934 /* BacklogItem.swift */; };
		2902DFF21E90EA3C9ACE62F1 /* TodoWidgetSync.swift in Sources */ = {isa = PBXBuildFile; fileRef = 979A4AF622853CA818289703 /* TodoWidgetSync.swift */; };
		2C42BE9F0BFFCA51FA4634B3 /* EventKitManager.swift in Sources */ = {isa = PBXBuildFile; fileRef = EA829919C711830D349E106C /* EventKitManager.swift */; };
		328FC97C1960AA48840EF5FA /* MeaningPage.swift in Sources */ = {isa = PBXBuildFile; fileRef = 2E4CB493D00C71A3EE298B98 /* MeaningPage.swift */; };
		3A77EF2266BE28AD675C335B /* TodoSplitAdvisor.swift in Sources */ = {isa = PBXBuildFile; fileRef = 21E0707E6404CEFF1ACF7CA3 /* TodoSplitAdvisor.swift */; };
		3C892AB3EA9C8B5F384E8630 /* TodoWidgetSnapshot.swift in Sources */ = {isa = PBXBuildFile; fileRef = E0F72F9EC4C2F155B4FA16D8 /* TodoWidgetSnapshot.swift */; };
		41D7EB4840F00B281ADBFCF9 /* RainbowOnboardingView.swift in Sources */ = {isa = PBXBuildFile; fileRef = DA082B6DD71E8446DE8FFE09 /* RainbowOnboardingView.swift */; };
		42AE13BB68F193890259458B /* WeekLedger.swift in Sources */ = {isa = PBXBuildFile; fileRef = CB3700DE7959B6C0D6FF3AC4 /* WeekLedger.swift */; };
		434663F0C6380C5A9CEB4C05 /* Assets.xcassets in Resources */ = {isa = PBXBuildFile; fileRef = 3513E47DA1D5F509870816E5 /* Assets.xcassets */; };
		4D0F8D24AAD717BC816DF83F /* Models.swift in Sources */ = {isa = PBXBuildFile; fileRef = E0A2F8F7F90B5C18D0D0905E /* Models.swift */; };
		5451D23F4DDE9A70420350A8 /* Models.swift in Sources */ = {isa = PBXBuildFile; fileRef = E0A2F8F7F90B5C18D0D0905E /* Models.swift */; };
		57DA5A107C68B1D4D0778FF8 /* DayTimelineLayout.swift in Sources */ = {isa = PBXBuildFile; fileRef = 30AB1FA10C16E232C616DA89 /* DayTimelineLayout.swift */; };
		5CA7AF639085A47D9F389D75 /* TodoShareIntake.swift in Sources */ = {isa = PBXBuildFile; fileRef = 6EF8BA6154DE9430653A8F56 /* TodoShareIntake.swift */; };
		6074452A987673BB86C0113C /* ScheduleViewModel.swift in Sources */ = {isa = PBXBuildFile; fileRef = 8BD6C1CBF9A87B23F80F9269 /* ScheduleViewModel.swift */; };
		61C8EBC20259E7FF658CDC03 /* PressHaptics.swift in Sources */ = {isa = PBXBuildFile; fileRef = 2C853BE37B3248C998610275 /* PressHaptics.swift */; };
		6BF0C551702B1A5F00487205 /* Theme.swift in Sources */ = {isa = PBXBuildFile; fileRef = A16A56CFD7BFD1A4F77443B7 /* Theme.swift */; };
		7100C2E9407B6C23936F98F9 /* TodoWidgetExtension.appex in Embed Foundation Extensions */ = {isa = PBXBuildFile; fileRef = CCF1AED059EB801B4CC2F8E2 /* TodoWidgetExtension.appex */; settings = {ATTRIBUTES = (RemoveHeadersOnCopy, ); }; };
		71F5A2674E96D4DD833C1FC2 /* SyncSettingsManager.swift in Sources */ = {isa = PBXBuildFile; fileRef = 4164272EB750B716814E94EB /* SyncSettingsManager.swift */; };
		72FAB23FF49C0E818FAFEA09 /* RainbowWidgetSnapshot.swift in Sources */ = {isa = PBXBuildFile; fileRef = D1EFC7D8766C57DAEF2CB283 /* RainbowWidgetSnapshot.swift */; };
		74E045A5DC1AF66E082EA7EC /* Event.swift in Sources */ = {isa = PBXBuildFile; fileRef = D5A142C0D69AD26EDCB2B3CC /* Event.swift */; };
		7CCC8BE01D6F3D0D92456B31 /* RoutineOccurrence.swift in Sources */ = {isa = PBXBuildFile; fileRef = 09B3C5C88B51879319DBF42F /* RoutineOccurrence.swift */; };
		86E37C9CBFC1BA89B2800156 /* KeyboardDismiss.swift in Sources */ = {isa = PBXBuildFile; fileRef = AEFD9FD647E4187EE33B949E /* KeyboardDismiss.swift */; };
		87F5BBFA2EFADD1D3BB509F7 /* TodoShareInbox.swift in Sources */ = {isa = PBXBuildFile; fileRef = EF3012C3D5D03A3601C321C1 /* TodoShareInbox.swift */; };
		8B83E1F95AD6A98D3F1CCF5C /* DayTimelineView.swift in Sources */ = {isa = PBXBuildFile; fileRef = 8C47F24DFAAB24463CEF320A /* DayTimelineView.swift */; };
		8DFF99514D06C1499F68AD41 /* TodoDetailView.swift in Sources */ = {isa = PBXBuildFile; fileRef = 88CFB5D8A2281DBA1DBC8ABB /* TodoDetailView.swift */; };
		8EF6A3F88DC451E9C685ED91 /* TodoEventBridge.swift in Sources */ = {isa = PBXBuildFile; fileRef = 094038A30FE0C5205D38B208 /* TodoEventBridge.swift */; };
		8FADD23CE3778B0B1FEFF630 /* RainbowWidget.swift in Sources */ = {isa = PBXBuildFile; fileRef = BEB91B4FD6D2CC7AA5218EDE /* RainbowWidget.swift */; };
		90C1D4525B32902DF10923FB /* WeekBlocksStore.swift in Sources */ = {isa = PBXBuildFile; fileRef = CFBA5BD1F5101F6EAC163F67 /* WeekBlocksStore.swift */; };
		92EFC5ACD3632528956606B8 /* ColorHex.swift in Sources */ = {isa = PBXBuildFile; fileRef = 5CCA231C8EF9417E46288EC6 /* ColorHex.swift */; };
		93D94A92342AE2180D9A64F0 /* TodoWidget.swift in Sources */ = {isa = PBXBuildFile; fileRef = DA01AE5B1816B32D6547ACC1 /* TodoWidget.swift */; };
		98BCB99BABFB85C47A516837 /* ContentView.swift in Sources */ = {isa = PBXBuildFile; fileRef = E2DD3A4029A1F8FABD057A7D /* ContentView.swift */; };
		9B43E50F4245366DA515CE89 /* TodoShareInbox.swift in Sources */ = {isa = PBXBuildFile; fileRef = EF3012C3D5D03A3601C321C1 /* TodoShareInbox.swift */; };
		9B6F46D482A94A78ACF3D475 /* EventManagementView.swift in Sources */ = {isa = PBXBuildFile; fileRef = E7E6652B185E212F1EFADEB6 /* EventManagementView.swift */; };
		A203371159D07E31334CC1B2 /* ScheduleDensityApp.swift in Sources */ = {isa = PBXBuildFile; fileRef = 83C0D6AA7C0C4872C883DA44 /* ScheduleDensityApp.swift */; };
		A60D7621A847FCB9F9713390 /* RainbowWidgetSync.swift in Sources */ = {isa = PBXBuildFile; fileRef = 7A696AAEE492018F406A9411 /* RainbowWidgetSync.swift */; };
		AA9F79CECE202D70CD384BC5 /* TodoSplitAdvisor.swift in Sources */ = {isa = PBXBuildFile; fileRef = 21E0707E6404CEFF1ACF7CA3 /* TodoSplitAdvisor.swift */; };
		AAF010948F1402F65848DC40 /* ScheduleDensityAppSpec.swift in Sources */ = {isa = PBXBuildFile; fileRef = 13E850A87FF524ED084AC7A2 /* ScheduleDensityAppSpec.swift */; };
		ADA02A8205E892FA137A4C81 /* ScheduleShareView.swift in Sources */ = {isa = PBXBuildFile; fileRef = 6BC3A6E73464097A7DEA1703 /* ScheduleShareView.swift */; };
		B67EDB1755C156A2C3F4D788 /* ShareTodoView.swift in Sources */ = {isa = PBXBuildFile; fileRef = AF61B6ED54A0AFF6E6BEBA31 /* ShareTodoView.swift */; };
		B9B4C3CA0B7BB3CD5FF27454 /* RecurrencePattern.swift in Sources */ = {isa = PBXBuildFile; fileRef = FB910CD74ACF09D41CD1873A /* RecurrencePattern.swift */; };
		BC68BF99407F9A341428D899 /* RainbowMeaningView.swift in Sources */ = {isa = PBXBuildFile; fileRef = 7A5EF904E1E47DF7E2D6E33E /* RainbowMeaningView.swift */; };
		BCBE8F638942699B9F7B5179 /* ShareViewController.swift in Sources */ = {isa = PBXBuildFile; fileRef = D876DDD38462D8033DE00DCB /* ShareViewController.swift */; };
		C3570B640BED636DC7372662 /* LeeoKit in Frameworks */ = {isa = PBXBuildFile; productRef = 3B0B7D594FCCABF21917463C /* LeeoKit */; };
		CE7FE05558DFF907334BCA7B /* TimelineDensityView.swift in Sources */ = {isa = PBXBuildFile; fileRef = AC8973EFA9E7CD5B49DB80C2 /* TimelineDensityView.swift */; };
		D47C20672572FF11F707EA78 /* Routine.swift in Sources */ = {isa = PBXBuildFile; fileRef = 4CD675833C6A34143CC8C6F5 /* Routine.swift */; };
		DB9522ED4B779C6E4C23F2D6 /* SettingsView.swift in Sources */ = {isa = PBXBuildFile; fileRef = B7888B38D33FAED0E1BA5D74 /* SettingsView.swift */; };
		DB9CB30FC88A37557EF86206 /* CloudKitManager.swift in Sources */ = {isa = PBXBuildFile; fileRef = EDF674923A141F19CD56EF10 /* CloudKitManager.swift */; };
		DC4C3509F9BE51C95311F272 /* ColorHex.swift in Sources */ = {isa = PBXBuildFile; fileRef = 5CCA231C8EF9417E46288EC6 /* ColorHex.swift */; };
		DC68D95E7F7AF87686764F32 /* Preview Assets.xcassets in Resources */ = {isa = PBXBuildFile; fileRef = E6D619C882389B3029929E6F /* Preview Assets.xcassets */; };
		E0A2A4BF6AD61BD2916BF322 /* TodoShareExtension.appex in Embed Foundation Extensions */ = {isa = PBXBuildFile; fileRef = DC91887B98DC5189F5CEAB44 /* TodoShareExtension.appex */; settings = {ATTRIBUTES = (RemoveHeadersOnCopy, ); }; };
		E5994C9CA94CC8430A874F52 /* WeekLedgerView.swift in Sources */ = {isa = PBXBuildFile; fileRef = DC2B5C3D31F9CE84E8559AB1 /* WeekLedgerView.swift */; };
		EB98703B23BF321621A819D6 /* PlanBlock.swift in Sources */ = {isa = PBXBuildFile; fileRef = 80DA86C80CF5921D0AB83F47 /* PlanBlock.swift */; };
		F4F25E886B69178DEA982727 /* WeekBlocksAdapter.swift in Sources */ = {isa = PBXBuildFile; fileRef = 3F5087710777780307770756 /* WeekBlocksAdapter.swift */; };
		F87263CC4CC579F6FB9B845A /* ScheduleShareStore.swift in Sources */ = {isa = PBXBuildFile; fileRef = A7548E6B2701A45C102F43B6 /* ScheduleShareStore.swift */; };
		F9A50FFB68444FE788B5CED7 /* TodoTree.swift in Sources */ = {isa = PBXBuildFile; fileRef = F1DFC2876EC6FE5666C43486 /* TodoTree.swift */; };
		FFDEF631BCCCA1BB741BFB1A /* AddEventView.swift in Sources */ = {isa = PBXBuildFile; fileRef = B5F27359D56BF2678D1330BE /* AddEventView.swift */; };
/* End PBXBuildFile section */

/* Begin PBXContainerItemProxy section */
		3EFB04C1C1C85C1F039C3A2E /* PBXContainerItemProxy */ = {
			isa = PBXContainerItemProxy;
			containerPortal = FB0FF38CD640C2D56628928D /* Project object */;
			proxyType = 1;
			remoteGlobalIDString = 46544029A32CED2B85F8199D;
			remoteInfo = TodoWidgetExtension;
		};
		82E8633397D82A753E7FA9DA /* PBXContainerItemProxy */ = {
			isa = PBXContainerItemProxy;
			containerPortal = FB0FF38CD640C2D56628928D /* Project object */;
			proxyType = 1;
			remoteGlobalIDString = B40B6C1EC1E845BC4DC7CC2E;
			remoteInfo = TodoShareExtension;
		};
/* End PBXContainerItemProxy section */

/* Begin PBXCopyFilesBuildPhase section */
		074EFB4A9FE2953CF8AB1648 /* Embed Foundation Extensions */ = {
			isa = PBXCopyFilesBuildPhase;
			buildActionMask = 2147483647;
			dstPath = "";
			dstSubfolderSpec = 13;
			files = (
				7100C2E9407B6C23936F98F9 /* TodoWidgetExtension.appex in Embed Foundation Extensions */,
				E0A2A4BF6AD61BD2916BF322 /* TodoShareExtension.appex in Embed Foundation Extensions */,
			);
			name = "Embed Foundation Extensions";
			runOnlyForDeploymentPostprocessing = 0;
		};
/* End PBXCopyFilesBuildPhase section */

/* Begin PBXFileReference section */
		094038A30FE0C5205D38B208 /* TodoEventBridge.swift */ = {isa = PBXFileReference; lastKnownFileType = sourcecode.swift; path = TodoEventBridge.swift; sourceTree = "<group>"; };
		09B3C5C88B51879319DBF42F /* RoutineOccurrence.swift */ = {isa = PBXFileReference; lastKnownFileType = sourcecode.swift; path = RoutineOccurrence.swift; sourceTree = "<group>"; };
		13E850A87FF524ED084AC7A2 /* ScheduleDensityAppSpec.swift */ = {isa = PBXFileReference; lastKnownFileType = sourcecode.swift; path = ScheduleDensityAppSpec.swift; sourceTree = "<group>"; };
		21E0707E6404CEFF1ACF7CA3 /* TodoSplitAdvisor.swift */ = {isa = PBXFileReference; lastKnownFileType = sourcecode.swift; path = TodoSplitAdvisor.swift; sourceTree = "<group>"; };
		2941CBDEC91A603C6B1B3F52 /* ScheduleDensityApp.app */ = {isa = PBXFileReference; includeInIndex = 0; lastKnownFileType = wrapper.application; path = ScheduleDensityApp.app; sourceTree = BUILT_PRODUCTS_DIR; };
		2C853BE37B3248C998610275 /* PressHaptics.swift */ = {isa = PBXFileReference; lastKnownFileType = sourcecode.swift; path = PressHaptics.swift; sourceTree = "<group>"; };
		2CBAA221C53BC924F7AF2934 /* BacklogItem.swift */ = {isa = PBXFileReference; lastKnownFileType = sourcecode.swift; path = BacklogItem.swift; sourceTree = "<group>"; };
		2E4CB493D00C71A3EE298B98 /* MeaningPage.swift */ = {isa = PBXFileReference; lastKnownFileType = sourcecode.swift; path = MeaningPage.swift; sourceTree = "<group>"; };
		30AB1FA10C16E232C616DA89 /* DayTimelineLayout.swift */ = {isa = PBXFileReference; lastKnownFileType = sourcecode.swift; path = DayTimelineLayout.swift; sourceTree = "<group>"; };
		3513E47DA1D5F509870816E5 /* Assets.xcassets */ = {isa = PBXFileReference; lastKnownFileType = folder.assetcatalog; path = Assets.xcassets; sourceTree = "<group>"; };
		3AD81D8C77A69F2BCC62A5CF /* Info.plist */ = {isa = PBXFileReference; lastKnownFileType = text.plist; path = Info.plist; sourceTree = "<group>"; };
		3E9C53AD99A30D54F2734AFB /* CalendarImportView.swift */ = {isa = PBXFileReference; lastKnownFileType = sourcecode.swift; path = CalendarImportView.swift; sourceTree = "<group>"; };
		3F5087710777780307770756 /* WeekBlocksAdapter.swift */ = {isa = PBXFileReference; lastKnownFileType = sourcecode.swift; path = WeekBlocksAdapter.swift; sourceTree = "<group>"; };
		4164272EB750B716814E94EB /* SyncSettingsManager.swift */ = {isa = PBXFileReference; lastKnownFileType = sourcecode.swift; path = SyncSettingsManager.swift; sourceTree = "<group>"; };
		4CD675833C6A34143CC8C6F5 /* Routine.swift */ = {isa = PBXFileReference; lastKnownFileType = sourcecode.swift; path = Routine.swift; sourceTree = "<group>"; };
		5CCA231C8EF9417E46288EC6 /* ColorHex.swift */ = {isa = PBXFileReference; lastKnownFileType = sourcecode.swift; path = ColorHex.swift; sourceTree = "<group>"; };
		61808975C3F29C0A9061722C /* DateExtensions.swift */ = {isa = PBXFileReference; lastKnownFileType = sourcecode.swift; path = DateExtensions.swift; sourceTree = "<group>"; };
		6249B231B4A4D32972B8C246 /* Info.plist */ = {isa = PBXFileReference; lastKnownFileType = text.plist; path = Info.plist; sourceTree = "<group>"; };
		63283233385421AD018AB5E7 /* DensityCalculator.swift */ = {isa = PBXFileReference; lastKnownFileType = sourcecode.swift; path = DensityCalculator.swift; sourceTree = "<group>"; };
		6B68A7C9BC1F03C133EFD277 /* TodoSplitOnboarding.swift */ = {isa = PBXFileReference; lastKnownFileType = sourcecode.swift; path = TodoSplitOnboarding.swift; sourceTree = "<group>"; };
		6BC3A6E73464097A7DEA1703 /* ScheduleShareView.swift */ = {isa = PBXFileReference; lastKnownFileType = sourcecode.swift; path = ScheduleShareView.swift; sourceTree = "<group>"; };
		6EF8BA6154DE9430653A8F56 /* TodoShareIntake.swift */ = {isa = PBXFileReference; lastKnownFileType = sourcecode.swift; path = TodoShareIntake.swift; sourceTree = "<group>"; };
		7A5EF904E1E47DF7E2D6E33E /* RainbowMeaningView.swift */ = {isa = PBXFileReference; lastKnownFileType = sourcecode.swift; path = RainbowMeaningView.swift; sourceTree = "<group>"; };
		7A696AAEE492018F406A9411 /* RainbowWidgetSync.swift */ = {isa = PBXFileReference; lastKnownFileType = sourcecode.swift; path = RainbowWidgetSync.swift; sourceTree = "<group>"; };
		80DA86C80CF5921D0AB83F47 /* PlanBlock.swift */ = {isa = PBXFileReference; lastKnownFileType = sourcecode.swift; path = PlanBlock.swift; sourceTree = "<group>"; };
		83C0D6AA7C0C4872C883DA44 /* ScheduleDensityApp.swift */ = {isa = PBXFileReference; lastKnownFileType = sourcecode.swift; path = ScheduleDensityApp.swift; sourceTree = "<group>"; };
		88CFB5D8A2281DBA1DBC8ABB /* TodoDetailView.swift */ = {isa = PBXFileReference; lastKnownFileType = sourcecode.swift; path = TodoDetailView.swift; sourceTree = "<group>"; };
		8BD6C1CBF9A87B23F80F9269 /* ScheduleViewModel.swift */ = {isa = PBXFileReference; lastKnownFileType = sourcecode.swift; path = ScheduleViewModel.swift; sourceTree = "<group>"; };
		8C47F24DFAAB24463CEF320A /* DayTimelineView.swift */ = {isa = PBXFileReference; lastKnownFileType = sourcecode.swift; path = DayTimelineView.swift; sourceTree = "<group>"; };
		910FBBD73ECA9E9527512FE8 /* TodoView.swift */ = {isa = PBXFileReference; lastKnownFileType = sourcecode.swift; path = TodoView.swift; sourceTree = "<group>"; };
		979A4AF622853CA818289703 /* TodoWidgetSync.swift */ = {isa = PBXFileReference; lastKnownFileType = sourcecode.swift; path = TodoWidgetSync.swift; sourceTree = "<group>"; };
		998B70300E7474EF72D813EB /* TodoShare.entitlements */ = {isa = PBXFileReference; lastKnownFileType = text.plist.entitlements; path = TodoShare.entitlements; sourceTree = "<group>"; };
		A16A56CFD7BFD1A4F77443B7 /* Theme.swift */ = {isa = PBXFileReference; lastKnownFileType = sourcecode.swift; path = Theme.swift; sourceTree = "<group>"; };
		A7548E6B2701A45C102F43B6 /* ScheduleShareStore.swift */ = {isa = PBXFileReference; lastKnownFileType = sourcecode.swift; path = ScheduleShareStore.swift; sourceTree = "<group>"; };
		AC8973EFA9E7CD5B49DB80C2 /* TimelineDensityView.swift */ = {isa = PBXFileReference; lastKnownFileType = sourcecode.swift; path = TimelineDensityView.swift; sourceTree = "<group>"; };
		AE4F89BB87CEC698A7C04740 /* FamilyShareStore.swift */ = {isa = PBXFileReference; lastKnownFileType = sourcecode.swift; path = FamilyShareStore.swift; sourceTree = "<group>"; };
		AEFD9FD647E4187EE33B949E /* KeyboardDismiss.swift */ = {isa = PBXFileReference; lastKnownFileType = sourcecode.swift; path = KeyboardDismiss.swift; sourceTree = "<group>"; };
		AF61B6ED54A0AFF6E6BEBA31 /* ShareTodoView.swift */ = {isa = PBXFileReference; lastKnownFileType = sourcecode.swift; path = ShareTodoView.swift; sourceTree = "<group>"; };
		B1CED998C36D51AC3B0D0859 /* ScheduleDensityApp.entitlements */ = {isa = PBXFileReference; lastKnownFileType = text.plist.entitlements; path = ScheduleDensityApp.entitlements; sourceTree = "<group>"; };
		B5F27359D56BF2678D1330BE /* AddEventView.swift */ = {isa = PBXFileReference; lastKnownFileType = sourcecode.swift; path = AddEventView.swift; sourceTree = "<group>"; };
		B68A9B5FCF4CBFCC699EEEA5 /* TodoWidget.entitlements */ = {isa = PBXFileReference; lastKnownFileType = text.plist.entitlements; path = TodoWidget.entitlements; sourceTree = "<group>"; };
		B7888B38D33FAED0E1BA5D74 /* SettingsView.swift */ = {isa = PBXFileReference; lastKnownFileType = sourcecode.swift; path = SettingsView.swift; sourceTree = "<group>"; };
		BEB91B4FD6D2CC7AA5218EDE /* RainbowWidget.swift */ = {isa = PBXFileReference; lastKnownFileType = sourcecode.swift; path = RainbowWidget.swift; sourceTree = "<group>"; };
		C612D8C00BFD0642D31F33A4 /* TodoTips.swift */ = {isa = PBXFileReference; lastKnownFileType = sourcecode.swift; path = TodoTips.swift; sourceTree = "<group>"; };
		CA8FFF09CAB99DC6FB56A1BB /* BacklogCategory.swift */ = {isa = PBXFileReference; lastKnownFileType = sourcecode.swift; path = BacklogCategory.swift; sourceTree = "<group>"; };
		CB3700DE7959B6C0D6FF3AC4 /* WeekLedger.swift */ = {isa = PBXFileReference; lastKnownFileType = sourcecode.swift; path = WeekLedger.swift; sourceTree = "<group>"; };
		CCF1AED059EB801B4CC2F8E2 /* TodoWidgetExtension.appex */ = {isa = PBXFileReference; includeInIndex = 0; lastKnownFileType = "wrapper.app-extension"; path = TodoWidgetExtension.appex; sourceTree = BUILT_PRODUCTS_DIR; };
		CD1FA07D33E72BA4A2A63C80 /* Info.plist */ = {isa = PBXFileReference; lastKnownFileType = text.plist; path = Info.plist; sourceTree = "<group>"; };
		CFBA5BD1F5101F6EAC163F67 /* WeekBlocksStore.swift */ = {isa = PBXFileReference; lastKnownFileType = sourcecode.swift; path = WeekBlocksStore.swift; sourceTree = "<group>"; };
		D1EFC7D8766C57DAEF2CB283 /* RainbowWidgetSnapshot.swift */ = {isa = PBXFileReference; lastKnownFileType = sourcecode.swift; path = RainbowWidgetSnapshot.swift; sourceTree = "<group>"; };
		D5A142C0D69AD26EDCB2B3CC /* Event.swift */ = {isa = PBXFileReference; lastKnownFileType = sourcecode.swift; path = Event.swift; sourceTree = "<group>"; };
		D876DDD38462D8033DE00DCB /* ShareViewController.swift */ = {isa = PBXFileReference; lastKnownFileType = sourcecode.swift; path = ShareViewController.swift; sourceTree = "<group>"; };
		DA01AE5B1816B32D6547ACC1 /* TodoWidget.swift */ = {isa = PBXFileReference; lastKnownFileType = sourcecode.swift; path = TodoWidget.swift; sourceTree = "<group>"; };
		DA082B6DD71E8446DE8FFE09 /* RainbowOnboardingView.swift */ = {isa = PBXFileReference; lastKnownFileType = sourcecode.swift; path = RainbowOnboardingView.swift; sourceTree = "<group>"; };
		DC2B5C3D31F9CE84E8559AB1 /* WeekLedgerView.swift */ = {isa = PBXFileReference; lastKnownFileType = sourcecode.swift; path = WeekLedgerView.swift; sourceTree = "<group>"; };
		DC91887B98DC5189F5CEAB44 /* TodoShareExtension.appex */ = {isa = PBXFileReference; includeInIndex = 0; lastKnownFileType = "wrapper.app-extension"; path = TodoShareExtension.appex; sourceTree = BUILT_PRODUCTS_DIR; };
		E0A2F8F7F90B5C18D0D0905E /* Models.swift */ = {isa = PBXFileReference; lastKnownFileType = sourcecode.swift; path = Models.swift; sourceTree = "<group>"; };
		E0F72F9EC4C2F155B4FA16D8 /* TodoWidgetSnapshot.swift */ = {isa = PBXFileReference; lastKnownFileType = sourcecode.swift; path = TodoWidgetSnapshot.swift; sourceTree = "<group>"; };
		E2DD3A4029A1F8FABD057A7D /* ContentView.swift */ = {isa = PBXFileReference; lastKnownFileType = sourcecode.swift; path = ContentView.swift; sourceTree = "<group>"; };
		E38C8AF31ACA72741BF8046B /* StatisticsView.swift */ = {isa = PBXFileReference; lastKnownFileType = sourcecode.swift; path = StatisticsView.swift; sourceTree = "<group>"; };
		E6D619C882389B3029929E6F /* Preview Assets.xcassets */ = {isa = PBXFileReference; lastKnownFileType = folder.assetcatalog; path = "Preview Assets.xcassets"; sourceTree = "<group>"; };
		E7E6652B185E212F1EFADEB6 /* EventManagementView.swift */ = {isa = PBXFileReference; lastKnownFileType = sourcecode.swift; path = EventManagementView.swift; sourceTree = "<group>"; };
		EA829919C711830D349E106C /* EventKitManager.swift */ = {isa = PBXFileReference; lastKnownFileType = sourcecode.swift; path = EventKitManager.swift; sourceTree = "<group>"; };
		EDF674923A141F19CD56EF10 /* CloudKitManager.swift */ = {isa = PBXFileReference; lastKnownFileType = sourcecode.swift; path = CloudKitManager.swift; sourceTree = "<group>"; };
		EF3012C3D5D03A3601C321C1 /* TodoShareInbox.swift */ = {isa = PBXFileReference; lastKnownFileType = sourcecode.swift; path = TodoShareInbox.swift; sourceTree = "<group>"; };
		F1DFC2876EC6FE5666C43486 /* TodoTree.swift */ = {isa = PBXFileReference; lastKnownFileType = sourcecode.swift; path = TodoTree.swift; sourceTree = "<group>"; };
		FB910CD74ACF09D41CD1873A /* RecurrencePattern.swift */ = {isa = PBXFileReference; lastKnownFileType = sourcecode.swift; path = RecurrencePattern.swift; sourceTree = "<group>"; };
/* End PBXFileReference section */

/* Begin PBXFrameworksBuildPhase section */
		A266D816A65897B030985EDF /* Frameworks */ = {
			isa = PBXFrameworksBuildPhase;
			buildActionMask = 2147483647;
			files = (
				C3570B640BED636DC7372662 /* LeeoKit in Frameworks */,
			);
			runOnlyForDeploymentPostprocessing = 0;
		};
/* End PBXFrameworksBuildPhase section */

/* Begin PBXGroup section */
		0060244B2F5AF4A1F0ED0C1A /* TodoShare */ = {
			isa = PBXGroup;
			children = (
				6249B231B4A4D32972B8C246 /* Info.plist */,
				AF61B6ED54A0AFF6E6BEBA31 /* ShareTodoView.swift */,
				D876DDD38462D8033DE00DCB /* ShareViewController.swift */,
				998B70300E7474EF72D813EB /* TodoShare.entitlements */,
			);
			path = TodoShare;
			sourceTree = "<group>";
		};
		05829789FF9764DBDD2FB5A1 /* ViewModels */ = {
			isa = PBXGroup;
			children = (
				8BD6C1CBF9A87B23F80F9269 /* ScheduleViewModel.swift */,
			);
			path = ViewModels;
			sourceTree = "<group>";
		};
		06CE81829A5BC61F5081208E /* Views */ = {
			isa = PBXGroup;
			children = (
				B5F27359D56BF2678D1330BE /* AddEventView.swift */,
				3E9C53AD99A30D54F2734AFB /* CalendarImportView.swift */,
				E2DD3A4029A1F8FABD057A7D /* ContentView.swift */,
				8C47F24DFAAB24463CEF320A /* DayTimelineView.swift */,
				E7E6652B185E212F1EFADEB6 /* EventManagementView.swift */,
				2E4CB493D00C71A3EE298B98 /* MeaningPage.swift */,
				7A5EF904E1E47DF7E2D6E33E /* RainbowMeaningView.swift */,
				DA082B6DD71E8446DE8FFE09 /* RainbowOnboardingView.swift */,
				6BC3A6E73464097A7DEA1703 /* ScheduleShareView.swift */,
				B7888B38D33FAED0E1BA5D74 /* SettingsView.swift */,
				E38C8AF31ACA72741BF8046B /* StatisticsView.swift */,
				AC8973EFA9E7CD5B49DB80C2 /* TimelineDensityView.swift */,
				88CFB5D8A2281DBA1DBC8ABB /* TodoDetailView.swift */,
				6B68A7C9BC1F03C133EFD277 /* TodoSplitOnboarding.swift */,
				910FBBD73ECA9E9527512FE8 /* TodoView.swift */,
				DC2B5C3D31F9CE84E8559AB1 /* WeekLedgerView.swift */,
			);
			path = Views;
			sourceTree = "<group>";
		};
		07CE1BC99974DCBAC37DB2CE /* Adapters */ = {
			isa = PBXGroup;
			children = (
				3F5087710777780307770756 /* WeekBlocksAdapter.swift */,
			);
			path = Adapters;
			sourceTree = "<group>";
		};
		08831CD398B43F6A1F5D30C2 /* Utilities */ = {
			isa = PBXGroup;
			children = (
				61808975C3F29C0A9061722C /* DateExtensions.swift */,
				63283233385421AD018AB5E7 /* DensityCalculator.swift */,
			);
			path = Utilities;
			sourceTree = "<group>";
		};
		0B560E5E408CB2EDE6C36B82 = {
			isa = PBXGroup;
			children = (
				35DBDFBD378031DF075E6A8B /* ScheduleDensityApp */,
				0060244B2F5AF4A1F0ED0C1A /* TodoShare */,
				54A5BBF181BA8FFBBF879A69 /* TodoWidget */,
				D5B782157B051A800F5C01D0 /* Products */,
			);
			sourceTree = "<group>";
		};
		1B23D06883CEC5B158276599 /* Services */ = {
			isa = PBXGroup;
			children = (
				EDF674923A141F19CD56EF10 /* CloudKitManager.swift */,
				EA829919C711830D349E106C /* EventKitManager.swift */,
				7A696AAEE492018F406A9411 /* RainbowWidgetSync.swift */,
				4164272EB750B716814E94EB /* SyncSettingsManager.swift */,
				094038A30FE0C5205D38B208 /* TodoEventBridge.swift */,
				6EF8BA6154DE9430653A8F56 /* TodoShareIntake.swift */,
				979A4AF622853CA818289703 /* TodoWidgetSync.swift */,
				CFBA5BD1F5101F6EAC163F67 /* WeekBlocksStore.swift */,
			);
			path = Services;
			sourceTree = "<group>";
		};
		35DBDFBD378031DF075E6A8B /* ScheduleDensityApp */ = {
			isa = PBXGroup;
			children = (
				3513E47DA1D5F509870816E5 /* Assets.xcassets */,
				CD1FA07D33E72BA4A2A63C80 /* Info.plist */,
				B1CED998C36D51AC3B0D0859 /* ScheduleDensityApp.entitlements */,
				83C0D6AA7C0C4872C883DA44 /* ScheduleDensityApp.swift */,
				13E850A87FF524ED084AC7A2 /* ScheduleDensityAppSpec.swift */,
				07CE1BC99974DCBAC37DB2CE /* Adapters */,
				A470A9D09715721C28BEFEC5 /* Models */,
				40774C920FA04997EFA0DA66 /* Preview Content */,
				1B23D06883CEC5B158276599 /* Services */,
				A57EB3B717A7BBC5D1E9F658 /* Shared */,
				08831CD398B43F6A1F5D30C2 /* Utilities */,
				05829789FF9764DBDD2FB5A1 /* ViewModels */,
				06CE81829A5BC61F5081208E /* Views */,
			);
			path = ScheduleDensityApp;
			sourceTree = "<group>";
		};
		40774C920FA04997EFA0DA66 /* Preview Content */ = {
			isa = PBXGroup;
			children = (
				E6D619C882389B3029929E6F /* Preview Assets.xcassets */,
			);
			path = "Preview Content";
			sourceTree = "<group>";
		};
		54A5BBF181BA8FFBBF879A69 /* TodoWidget */ = {
			isa = PBXGroup;
			children = (
				3AD81D8C77A69F2BCC62A5CF /* Info.plist */,
				BEB91B4FD6D2CC7AA5218EDE /* RainbowWidget.swift */,
				B68A9B5FCF4CBFCC699EEEA5 /* TodoWidget.entitlements */,
				DA01AE5B1816B32D6547ACC1 /* TodoWidget.swift */,
			);
			path = TodoWidget;
			sourceTree = "<group>";
		};
		A470A9D09715721C28BEFEC5 /* Models */ = {
			isa = PBXGroup;
			children = (
				D5A142C0D69AD26EDCB2B3CC /* Event.swift */,
				FB910CD74ACF09D41CD1873A /* RecurrencePattern.swift */,
			);
			path = Models;
			sourceTree = "<group>";
		};
		A57EB3B717A7BBC5D1E9F658 /* Shared */ = {
			isa = PBXGroup;
			children = (
				CA8FFF09CAB99DC6FB56A1BB /* BacklogCategory.swift */,
				2CBAA221C53BC924F7AF2934 /* BacklogItem.swift */,
				5CCA231C8EF9417E46288EC6 /* ColorHex.swift */,
				30AB1FA10C16E232C616DA89 /* DayTimelineLayout.swift */,
				AE4F89BB87CEC698A7C04740 /* FamilyShareStore.swift */,
				AEFD9FD647E4187EE33B949E /* KeyboardDismiss.swift */,
				E0A2F8F7F90B5C18D0D0905E /* Models.swift */,
				80DA86C80CF5921D0AB83F47 /* PlanBlock.swift */,
				2C853BE37B3248C998610275 /* PressHaptics.swift */,
				D1EFC7D8766C57DAEF2CB283 /* RainbowWidgetSnapshot.swift */,
				4CD675833C6A34143CC8C6F5 /* Routine.swift */,
				09B3C5C88B51879319DBF42F /* RoutineOccurrence.swift */,
				A7548E6B2701A45C102F43B6 /* ScheduleShareStore.swift */,
				A16A56CFD7BFD1A4F77443B7 /* Theme.swift */,
				EF3012C3D5D03A3601C321C1 /* TodoShareInbox.swift */,
				21E0707E6404CEFF1ACF7CA3 /* TodoSplitAdvisor.swift */,
				C612D8C00BFD0642D31F33A4 /* TodoTips.swift */,
				F1DFC2876EC6FE5666C43486 /* TodoTree.swift */,
				E0F72F9EC4C2F155B4FA16D8 /* TodoWidgetSnapshot.swift */,
				CB3700DE7959B6C0D6FF3AC4 /* WeekLedger.swift */,
			);
			path = Shared;
			sourceTree = "<group>";
		};
		D5B782157B051A800F5C01D0 /* Products */ = {
			isa = PBXGroup;
			children = (
				2941CBDEC91A603C6B1B3F52 /* ScheduleDensityApp.app */,
				DC91887B98DC5189F5CEAB44 /* TodoShareExtension.appex */,
				CCF1AED059EB801B4CC2F8E2 /* TodoWidgetExtension.appex */,
			);
			name = Products;
			sourceTree = "<group>";
		};
/* End PBXGroup section */

/* Begin PBXNativeTarget section */
		46544029A32CED2B85F8199D /* TodoWidgetExtension */ = {
			isa = PBXNativeTarget;
			buildConfigurationList = 803709B63DF8C998D4605DB0 /* Build configuration list for PBXNativeTarget "TodoWidgetExtension" */;
			buildPhases = (
				28CF951AFC5A0A5F015F1C17 /* Sources */,
			);
			buildRules = (
			);
			dependencies = (
			);
			name = TodoWidgetExtension;
			packageProductDependencies = (
			);
			productName = TodoWidgetExtension;
			productReference = CCF1AED059EB801B4CC2F8E2 /* TodoWidgetExtension.appex */;
			productType = "com.apple.product-type.app-extension";
		};
		B3E14044F7FF975F8D6DFB0F /* ScheduleDensityApp */ = {
			isa = PBXNativeTarget;
			buildConfigurationList = 7EDE50BC57E32AB976D6AABE /* Build configuration list for PBXNativeTarget "ScheduleDensityApp" */;
			buildPhases = (
				7BB28EC55192CE012F134E23 /* Sources */,
				D9DCE6AC40453E40D4B96A0D /* Resources */,
				A266D816A65897B030985EDF /* Frameworks */,
				074EFB4A9FE2953CF8AB1648 /* Embed Foundation Extensions */,
			);
			buildRules = (
			);
			dependencies = (
				01251C9DB1823517C49A860D /* PBXTargetDependency */,
				13D5C2F95E2137A02EC724F7 /* PBXTargetDependency */,
			);
			name = ScheduleDensityApp;
			packageProductDependencies = (
				3B0B7D594FCCABF21917463C /* LeeoKit */,
			);
			productName = ScheduleDensityApp;
			productReference = 2941CBDEC91A603C6B1B3F52 /* ScheduleDensityApp.app */;
			productType = "com.apple.product-type.application";
		};
		B40B6C1EC1E845BC4DC7CC2E /* TodoShareExtension */ = {
			isa = PBXNativeTarget;
			buildConfigurationList = 9EFE3FBA03B303BE9FE96F6C /* Build configuration list for PBXNativeTarget "TodoShareExtension" */;
			buildPhases = (
				58D263C468F261C0B72A458B /* Sources */,
			);
			buildRules = (
			);
			dependencies = (
			);
			name = TodoShareExtension;
			packageProductDependencies = (
			);
			productName = TodoShareExtension;
			productReference = DC91887B98DC5189F5CEAB44 /* TodoShareExtension.appex */;
			productType = "com.apple.product-type.app-extension";
		};
/* End PBXNativeTarget section */

/* Begin PBXProject section */
		FB0FF38CD640C2D56628928D /* Project object */ = {
			isa = PBXProject;
			attributes = {
				BuildIndependentTargetsInParallel = YES;
				LastUpgradeCheck = 1430;
				TargetAttributes = {
					46544029A32CED2B85F8199D = {
						DevelopmentTeam = QGAQ3AY3R3;
						ProvisioningStyle = Automatic;
					};
					B3E14044F7FF975F8D6DFB0F = {
						DevelopmentTeam = QGAQ3AY3R3;
						ProvisioningStyle = Automatic;
					};
					B40B6C1EC1E845BC4DC7CC2E = {
						DevelopmentTeam = QGAQ3AY3R3;
						ProvisioningStyle = Automatic;
					};
				};
			};
			buildConfigurationList = CEAB56F31E5BACBB2164E6A4 /* Build configuration list for PBXProject "ScheduleDensityApp" */;
			compatibilityVersion = "Xcode 14.0";
			developmentRegion = ko;
			hasScannedForEncodings = 0;
			knownRegions = (
				Base,
				ko,
			);
			mainGroup = 0B560E5E408CB2EDE6C36B82;
			minimizedProjectReferenceProxies = 1;
			packageReferences = (
				D5D349C3E464375FE4995E70 /* XCRemoteSwiftPackageReference "LeeoKit" */,
			);
			preferredProjectObjectVersion = 77;
			projectDirPath = "";
			projectRoot = "";
			targets = (
				B3E14044F7FF975F8D6DFB0F /* ScheduleDensityApp */,
				B40B6C1EC1E845BC4DC7CC2E /* TodoShareExtension */,
				46544029A32CED2B85F8199D /* TodoWidgetExtension */,
			);
		};
/* End PBXProject section */

/* Begin PBXResourcesBuildPhase section */
		D9DCE6AC40453E40D4B96A0D /* Resources */ = {
			isa = PBXResourcesBuildPhase;
			buildActionMask = 2147483647;
			files = (
				434663F0C6380C5A9CEB4C05 /* Assets.xcassets in Resources */,
				DC68D95E7F7AF87686764F32 /* Preview Assets.xcassets in Resources */,
			);
			runOnlyForDeploymentPostprocessing = 0;
		};
/* End PBXResourcesBuildPhase section */

/* Begin PBXSourcesBuildPhase section */
		28CF951AFC5A0A5F015F1C17 /* Sources */ = {
			isa = PBXSourcesBuildPhase;
			buildActionMask = 2147483647;
			files = (
				92EFC5ACD3632528956606B8 /* ColorHex.swift in Sources */,
				8FADD23CE3778B0B1FEFF630 /* RainbowWidget.swift in Sources */,
				72FAB23FF49C0E818FAFEA09 /* RainbowWidgetSnapshot.swift in Sources */,
				93D94A92342AE2180D9A64F0 /* TodoWidget.swift in Sources */,
				07FF2CA8DD7C9425D2D6F95B /* TodoWidgetSnapshot.swift in Sources */,
			);
			runOnlyForDeploymentPostprocessing = 0;
		};
		58D263C468F261C0B72A458B /* Sources */ = {
			isa = PBXSourcesBuildPhase;
			buildActionMask = 2147483647;
			files = (
				5451D23F4DDE9A70420350A8 /* Models.swift in Sources */,
				B67EDB1755C156A2C3F4D788 /* ShareTodoView.swift in Sources */,
				BCBE8F638942699B9F7B5179 /* ShareViewController.swift in Sources */,
				87F5BBFA2EFADD1D3BB509F7 /* TodoShareInbox.swift in Sources */,
				3A77EF2266BE28AD675C335B /* TodoSplitAdvisor.swift in Sources */,
			);
			runOnlyForDeploymentPostprocessing = 0;
		};
		7BB28EC55192CE012F134E23 /* Sources */ = {
			isa = PBXSourcesBuildPhase;
			buildActionMask = 2147483647;
			files = (
				FFDEF631BCCCA1BB741BFB1A /* AddEventView.swift in Sources */,
				1FFCE7DA79C38C4AA79B8738 /* BacklogCategory.swift in Sources */,
				2200136119E353E928C1888D /* BacklogItem.swift in Sources */,
				15AC4BCD3A340F00631B1579 /* CalendarImportView.swift in Sources */,
				DB9CB30FC88A37557EF86206 /* CloudKitManager.swift in Sources */,
				DC4C3509F9BE51C95311F272 /* ColorHex.swift in Sources */,
				98BCB99BABFB85C47A516837 /* ContentView.swift in Sources */,
				18554C8EA4088D5836DAC51C /* DateExtensions.swift in Sources */,
				57DA5A107C68B1D4D0778FF8 /* DayTimelineLayout.swift in Sources */,
				8B83E1F95AD6A98D3F1CCF5C /* DayTimelineView.swift in Sources */,
				1A9DF801882FB2C7865CD0F6 /* DensityCalculator.swift in Sources */,
				74E045A5DC1AF66E082EA7EC /* Event.swift in Sources */,
				2C42BE9F0BFFCA51FA4634B3 /* EventKitManager.swift in Sources */,
				9B6F46D482A94A78ACF3D475 /* EventManagementView.swift in Sources */,
				07FC5C932B3420EFA68FBDBB /* FamilyShareStore.swift in Sources */,
				86E37C9CBFC1BA89B2800156 /* KeyboardDismiss.swift in Sources */,
				328FC97C1960AA48840EF5FA /* MeaningPage.swift in Sources */,
				4D0F8D24AAD717BC816DF83F /* Models.swift in Sources */,
				EB98703B23BF321621A819D6 /* PlanBlock.swift in Sources */,
				61C8EBC20259E7FF658CDC03 /* PressHaptics.swift in Sources */,
				BC68BF99407F9A341428D899 /* RainbowMeaningView.swift in Sources */,
				41D7EB4840F00B281ADBFCF9 /* RainbowOnboardingView.swift in Sources */,
				012D94967CCA41C793AA7181 /* RainbowWidgetSnapshot.swift in Sources */,
				A60D7621A847FCB9F9713390 /* RainbowWidgetSync.swift in Sources */,
				B9B4C3CA0B7BB3CD5FF27454 /* RecurrencePattern.swift in Sources */,
				D47C20672572FF11F707EA78 /* Routine.swift in Sources */,
				7CCC8BE01D6F3D0D92456B31 /* RoutineOccurrence.swift in Sources */,
				A203371159D07E31334CC1B2 /* ScheduleDensityApp.swift in Sources */,
				AAF010948F1402F65848DC40 /* ScheduleDensityAppSpec.swift in Sources */,
				F87263CC4CC579F6FB9B845A /* ScheduleShareStore.swift in Sources */,
				ADA02A8205E892FA137A4C81 /* ScheduleShareView.swift in Sources */,
				6074452A987673BB86C0113C /* ScheduleViewModel.swift in Sources */,
				DB9522ED4B779C6E4C23F2D6 /* SettingsView.swift in Sources */,
				1B996BF59FB33CBFD7560DCC /* StatisticsView.swift in Sources */,
				71F5A2674E96D4DD833C1FC2 /* SyncSettingsManager.swift in Sources */,
				6BF0C551702B1A5F00487205 /* Theme.swift in Sources */,
				CE7FE05558DFF907334BCA7B /* TimelineDensityView.swift in Sources */,
				8DFF99514D06C1499F68AD41 /* TodoDetailView.swift in Sources */,
				8EF6A3F88DC451E9C685ED91 /* TodoEventBridge.swift in Sources */,
				9B43E50F4245366DA515CE89 /* TodoShareInbox.swift in Sources */,
				5CA7AF639085A47D9F389D75 /* TodoShareIntake.swift in Sources */,
				AA9F79CECE202D70CD384BC5 /* TodoSplitAdvisor.swift in Sources */,
				15BD1FF9295E0253422A35FA /* TodoSplitOnboarding.swift in Sources */,
				035D5DF623150C93CC30AEB7 /* TodoTips.swift in Sources */,
				F9A50FFB68444FE788B5CED7 /* TodoTree.swift in Sources */,
				070178DC5D08AD7F1A28C2FB /* TodoView.swift in Sources */,
				3C892AB3EA9C8B5F384E8630 /* TodoWidgetSnapshot.swift in Sources */,
				2902DFF21E90EA3C9ACE62F1 /* TodoWidgetSync.swift in Sources */,
				F4F25E886B69178DEA982727 /* WeekBlocksAdapter.swift in Sources */,
				90C1D4525B32902DF10923FB /* WeekBlocksStore.swift in Sources */,
				42AE13BB68F193890259458B /* WeekLedger.swift in Sources */,
				E5994C9CA94CC8430A874F52 /* WeekLedgerView.swift in Sources */,
			);
			runOnlyForDeploymentPostprocessing = 0;
		};
/* End PBXSourcesBuildPhase section */

/* Begin PBXTargetDependency section */
		01251C9DB1823517C49A860D /* PBXTargetDependency */ = {
			isa = PBXTargetDependency;
			target = 46544029A32CED2B85F8199D /* TodoWidgetExtension */;
			targetProxy = 3EFB04C1C1C85C1F039C3A2E /* PBXContainerItemProxy */;
		};
		13D5C2F95E2137A02EC724F7 /* PBXTargetDependency */ = {
			isa = PBXTargetDependency;
			target = B40B6C1EC1E845BC4DC7CC2E /* TodoShareExtension */;
			targetProxy = 82E8633397D82A753E7FA9DA /* PBXContainerItemProxy */;
		};
/* End PBXTargetDependency section */

/* Begin XCBuildConfiguration section */
		1A9A14195E2F35DDF66F4638 /* Release */ = {
			isa = XCBuildConfiguration;
			buildSettings = {
				CODE_SIGN_ENTITLEMENTS = TodoWidget/TodoWidget.entitlements;
				CODE_SIGN_STYLE = Automatic;
				GENERATE_INFOPLIST_FILE = NO;
				INFOPLIST_FILE = TodoWidget/Info.plist;
				INFOPLIST_KEY_CFBundleDisplayName = "할 일";
				LD_RUNPATH_SEARCH_PATHS = (
					"$(inherited)",
					"@executable_path/Frameworks",
					"@executable_path/../../Frameworks",
				);
				PRODUCT_BUNDLE_IDENTIFIER = com.example.ScheduleDensityApp.TodoWidget;
				PRODUCT_NAME = "$(TARGET_NAME)";
				SDKROOT = iphoneos;
				SKIP_INSTALL = YES;
				SWIFT_EMIT_LOC_STRINGS = YES;
				TARGETED_DEVICE_FAMILY = 1;
			};
			name = Release;
		};
		3736E8120EED038999E7C775 /* Debug */ = {
			isa = XCBuildConfiguration;
			buildSettings = {
				ASSETCATALOG_COMPILER_APPICON_NAME = AppIcon;
				ASSETCATALOG_COMPILER_GLOBAL_ACCENT_COLOR_NAME = AccentColor;
				CODE_SIGN_ENTITLEMENTS = ScheduleDensityApp/ScheduleDensityApp.entitlements;
				CODE_SIGN_IDENTITY = "iPhone Developer";
				CODE_SIGN_STYLE = Automatic;
				DEVELOPMENT_ASSET_PATHS = "\"ScheduleDensityApp/Preview Content\"";
				ENABLE_PREVIEWS = YES;
				GENERATE_INFOPLIST_FILE = NO;
				INFOPLIST_FILE = ScheduleDensityApp/Info.plist;
				INFOPLIST_KEY_CFBundleDisplayName = "욕망의 무지개";
				INFOPLIST_KEY_LSApplicationCategoryType = "public.app-category.lifestyle";
				INFOPLIST_KEY_UIApplicationSceneManifest_Generation = YES;
				INFOPLIST_KEY_UIApplicationSupportsIndirectInputEvents = YES;
				INFOPLIST_KEY_UIBackgroundModes = "remote-notification";
				INFOPLIST_KEY_UILaunchScreen_Generation = YES;
				INFOPLIST_KEY_UISupportedInterfaceOrientations_iPad = "UIInterfaceOrientationPortrait UIInterfaceOrientationPortraitUpsideDown UIInterfaceOrientationLandscapeLeft UIInterfaceOrientationLandscapeRight";
				INFOPLIST_KEY_UISupportedInterfaceOrientations_iPhone = "UIInterfaceOrientationPortrait UIInterfaceOrientationLandscapeLeft UIInterfaceOrientationLandscapeRight";
				LD_RUNPATH_SEARCH_PATHS = (
					"$(inherited)",
					"@executable_path/Frameworks",
				);
				PRODUCT_BUNDLE_IDENTIFIER = com.example.ScheduleDensityApp;
				PRODUCT_NAME = "$(TARGET_NAME)";
				SDKROOT = iphoneos;
				SUPPORTS_MACCATALYST = NO;
				SWIFT_EMIT_LOC_STRINGS = YES;
				TARGETED_DEVICE_FAMILY = 1;
			};
			name = Debug;
		};
		54147216BD39840710C18D1E /* Debug */ = {
			isa = XCBuildConfiguration;
			buildSettings = {
				ALWAYS_SEARCH_USER_PATHS = NO;
				ASSETCATALOG_COMPILER_GENERATE_SWIFT_ASSET_SYMBOL_EXTENSIONS = YES;
				CLANG_ANALYZER_NONNULL = YES;
				CLANG_ANALYZER_NUMBER_OBJECT_CONVERSION = YES_AGGRESSIVE;
				CLANG_CXX_LANGUAGE_STANDARD = "gnu++14";
				CLANG_CXX_LIBRARY = "libc++";
				CLANG_ENABLE_MODULES = YES;
				CLANG_ENABLE_OBJC_ARC = YES;
				CLANG_ENABLE_OBJC_WEAK = YES;
				CLANG_WARN_BLOCK_CAPTURE_AUTORELEASING = YES;
				CLANG_WARN_BOOL_CONVERSION = YES;
				CLANG_WARN_COMMA = YES;
				CLANG_WARN_CONSTANT_CONVERSION = YES;
				CLANG_WARN_DEPRECATED_OBJC_IMPLEMENTATIONS = YES;
				CLANG_WARN_DIRECT_OBJC_ISA_USAGE = YES_ERROR;
				CLANG_WARN_DOCUMENTATION_COMMENTS = YES;
				CLANG_WARN_EMPTY_BODY = YES;
				CLANG_WARN_ENUM_CONVERSION = YES;
				CLANG_WARN_INFINITE_RECURSION = YES;
				CLANG_WARN_INT_CONVERSION = YES;
				CLANG_WARN_NON_LITERAL_NULL_CONVERSION = YES;
				CLANG_WARN_OBJC_IMPLICIT_RETAIN_SELF = YES;
				CLANG_WARN_OBJC_LITERAL_CONVERSION = YES;
				CLANG_WARN_OBJC_ROOT_CLASS = YES_ERROR;
				CLANG_WARN_QUOTED_INCLUDE_IN_FRAMEWORK_HEADER = YES;
				CLANG_WARN_RANGE_LOOP_ANALYSIS = YES;
				CLANG_WARN_STRICT_PROTOTYPES = YES;
				CLANG_WARN_SUSPICIOUS_MOVE = YES;
				CLANG_WARN_UNGUARDED_AVAILABILITY = YES_AGGRESSIVE;
				CLANG_WARN_UNREACHABLE_CODE = YES;
				CLANG_WARN__DUPLICATE_METHOD_MATCH = YES;
				COPY_PHASE_STRIP = NO;
				CURRENT_PROJECT_VERSION = 1;
				DEBUG_INFORMATION_FORMAT = dwarf;
				DEVELOPMENT_TEAM = QGAQ3AY3R3;
				ENABLE_STRICT_OBJC_MSGSEND = YES;
				ENABLE_TESTABILITY = YES;
				GCC_C_LANGUAGE_STANDARD = gnu11;
				GCC_DYNAMIC_NO_PIC = NO;
				GCC_NO_COMMON_BLOCKS = YES;
				GCC_OPTIMIZATION_LEVEL = 0;
				GCC_PREPROCESSOR_DEFINITIONS = (
					"$(inherited)",
					"DEBUG=1",
				);
				GCC_WARN_64_TO_32_BIT_CONVERSION = YES;
				GCC_WARN_ABOUT_RETURN_TYPE = YES_ERROR;
				GCC_WARN_UNDECLARED_SELECTOR = YES;
				GCC_WARN_UNINITIALIZED_AUTOS = YES_AGGRESSIVE;
				GCC_WARN_UNUSED_FUNCTION = YES;
				GCC_WARN_UNUSED_VARIABLE = YES;
				IPHONEOS_DEPLOYMENT_TARGET = 17.0;
				MARKETING_VERSION = 1.0.9;
				MTL_ENABLE_DEBUG_INFO = INCLUDE_SOURCE;
				MTL_FAST_MATH = YES;
				ONLY_ACTIVE_ARCH = YES;
				PRODUCT_NAME = "$(TARGET_NAME)";
				SDKROOT = iphoneos;
				SWIFT_ACTIVE_COMPILATION_CONDITIONS = DEBUG;
				SWIFT_OPTIMIZATION_LEVEL = "-Onone";
				SWIFT_VERSION = 5.0;
			};
			name = Debug;
		};
		9593051BEBEFF77DF6CE6524 /* Release */ = {
			isa = XCBuildConfiguration;
			buildSettings = {
				ALWAYS_SEARCH_USER_PATHS = NO;
				ASSETCATALOG_COMPILER_GENERATE_SWIFT_ASSET_SYMBOL_EXTENSIONS = YES;
				CLANG_ANALYZER_NONNULL = YES;
				CLANG_ANALYZER_NUMBER_OBJECT_CONVERSION = YES_AGGRESSIVE;
				CLANG_CXX_LANGUAGE_STANDARD = "gnu++14";
				CLANG_CXX_LIBRARY = "libc++";
				CLANG_ENABLE_MODULES = YES;
				CLANG_ENABLE_OBJC_ARC = YES;
				CLANG_ENABLE_OBJC_WEAK = YES;
				CLANG_WARN_BLOCK_CAPTURE_AUTORELEASING = YES;
				CLANG_WARN_BOOL_CONVERSION = YES;
				CLANG_WARN_COMMA = YES;
				CLANG_WARN_CONSTANT_CONVERSION = YES;
				CLANG_WARN_DEPRECATED_OBJC_IMPLEMENTATIONS = YES;
				CLANG_WARN_DIRECT_OBJC_ISA_USAGE = YES_ERROR;
				CLANG_WARN_DOCUMENTATION_COMMENTS = YES;
				CLANG_WARN_EMPTY_BODY = YES;
				CLANG_WARN_ENUM_CONVERSION = YES;
				CLANG_WARN_INFINITE_RECURSION = YES;
				CLANG_WARN_INT_CONVERSION = YES;
				CLANG_WARN_NON_LITERAL_NULL_CONVERSION = YES;
				CLANG_WARN_OBJC_IMPLICIT_RETAIN_SELF = YES;
				CLANG_WARN_OBJC_LITERAL_CONVERSION = YES;
				CLANG_WARN_OBJC_ROOT_CLASS = YES_ERROR;
				CLANG_WARN_QUOTED_INCLUDE_IN_FRAMEWORK_HEADER = YES;
				CLANG_WARN_RANGE_LOOP_ANALYSIS = YES;
				CLANG_WARN_STRICT_PROTOTYPES = YES;
				CLANG_WARN_SUSPICIOUS_MOVE = YES;
				CLANG_WARN_UNGUARDED_AVAILABILITY = YES_AGGRESSIVE;
				CLANG_WARN_UNREACHABLE_CODE = YES;
				CLANG_WARN__DUPLICATE_METHOD_MATCH = YES;
				COPY_PHASE_STRIP = NO;
				CURRENT_PROJECT_VERSION = 1;
				DEBUG_INFORMATION_FORMAT = "dwarf-with-dsym";
				DEVELOPMENT_TEAM = QGAQ3AY3R3;
				ENABLE_NS_ASSERTIONS = NO;
				ENABLE_STRICT_OBJC_MSGSEND = YES;
				GCC_C_LANGUAGE_STANDARD = gnu11;
				GCC_NO_COMMON_BLOCKS = YES;
				GCC_WARN_64_TO_32_BIT_CONVERSION = YES;
				GCC_WARN_ABOUT_RETURN_TYPE = YES_ERROR;
				GCC_WARN_UNDECLARED_SELECTOR = YES;
				GCC_WARN_UNINITIALIZED_AUTOS = YES_AGGRESSIVE;
				GCC_WARN_UNUSED_FUNCTION = YES;
				GCC_WARN_UNUSED_VARIABLE = YES;
				IPHONEOS_DEPLOYMENT_TARGET = 17.0;
				MARKETING_VERSION = 1.0.9;
				MTL_ENABLE_DEBUG_INFO = NO;
				MTL_FAST_MATH = YES;
				PRODUCT_NAME = "$(TARGET_NAME)";
				SDKROOT = iphoneos;
				SWIFT_COMPILATION_MODE = wholemodule;
				SWIFT_OPTIMIZATION_LEVEL = "-O";
				SWIFT_VERSION = 5.0;
			};
			name = Release;
		};
		B0F78908F2900468A1511CE7 /* Release */ = {
			isa = XCBuildConfiguration;
			buildSettings = {
				ASSETCATALOG_COMPILER_APPICON_NAME = AppIcon;
				ASSETCATALOG_COMPILER_GLOBAL_ACCENT_COLOR_NAME = AccentColor;
				CODE_SIGN_ENTITLEMENTS = ScheduleDensityApp/ScheduleDensityApp.entitlements;
				CODE_SIGN_IDENTITY = "iPhone Developer";
				CODE_SIGN_STYLE = Automatic;
				DEVELOPMENT_ASSET_PATHS = "\"ScheduleDensityApp/Preview Content\"";
				ENABLE_PREVIEWS = YES;
				GENERATE_INFOPLIST_FILE = NO;
				INFOPLIST_FILE = ScheduleDensityApp/Info.plist;
				INFOPLIST_KEY_CFBundleDisplayName = "욕망의 무지개";
				INFOPLIST_KEY_LSApplicationCategoryType = "public.app-category.lifestyle";
				INFOPLIST_KEY_UIApplicationSceneManifest_Generation = YES;
				INFOPLIST_KEY_UIApplicationSupportsIndirectInputEvents = YES;
				INFOPLIST_KEY_UIBackgroundModes = "remote-notification";
				INFOPLIST_KEY_UILaunchScreen_Generation = YES;
				INFOPLIST_KEY_UISupportedInterfaceOrientations_iPad = "UIInterfaceOrientationPortrait UIInterfaceOrientationPortraitUpsideDown UIInterfaceOrientationLandscapeLeft UIInterfaceOrientationLandscapeRight";
				INFOPLIST_KEY_UISupportedInterfaceOrientations_iPhone = "UIInterfaceOrientationPortrait UIInterfaceOrientationLandscapeLeft UIInterfaceOrientationLandscapeRight";
				LD_RUNPATH_SEARCH_PATHS = (
					"$(inherited)",
					"@executable_path/Frameworks",
				);
				PRODUCT_BUNDLE_IDENTIFIER = com.example.ScheduleDensityApp;
				PRODUCT_NAME = "$(TARGET_NAME)";
				SDKROOT = iphoneos;
				SUPPORTS_MACCATALYST = NO;
				SWIFT_EMIT_LOC_STRINGS = YES;
				TARGETED_DEVICE_FAMILY = 1;
			};
			name = Release;
		};
		F7F6591F0DD3A739274D415E /* Debug */ = {
			isa = XCBuildConfiguration;
			buildSettings = {
				CODE_SIGN_ENTITLEMENTS = TodoShare/TodoShare.entitlements;
				CODE_SIGN_STYLE = Automatic;
				GENERATE_INFOPLIST_FILE = NO;
				INFOPLIST_FILE = TodoShare/Info.plist;
				INFOPLIST_KEY_CFBundleDisplayName = "할 일로";
				LD_RUNPATH_SEARCH_PATHS = (
					"$(inherited)",
					"@executable_path/Frameworks",
					"@executable_path/../../Frameworks",
				);
				PRODUCT_BUNDLE_IDENTIFIER = com.example.ScheduleDensityApp.TodoShare;
				PRODUCT_NAME = "$(TARGET_NAME)";
				SDKROOT = iphoneos;
				SKIP_INSTALL = YES;
				SWIFT_EMIT_LOC_STRINGS = YES;
				TARGETED_DEVICE_FAMILY = 1;
			};
			name = Debug;
		};
		F990B1C3EA4988C1BB31FA96 /* Debug */ = {
			isa = XCBuildConfiguration;
			buildSettings = {
				CODE_SIGN_ENTITLEMENTS = TodoWidget/TodoWidget.entitlements;
				CODE_SIGN_STYLE = Automatic;
				GENERATE_INFOPLIST_FILE = NO;
				INFOPLIST_FILE = TodoWidget/Info.plist;
				INFOPLIST_KEY_CFBundleDisplayName = "할 일";
				LD_RUNPATH_SEARCH_PATHS = (
					"$(inherited)",
					"@executable_path/Frameworks",
					"@executable_path/../../Frameworks",
				);
				PRODUCT_BUNDLE_IDENTIFIER = com.example.ScheduleDensityApp.TodoWidget;
				PRODUCT_NAME = "$(TARGET_NAME)";
				SDKROOT = iphoneos;
				SKIP_INSTALL = YES;
				SWIFT_EMIT_LOC_STRINGS = YES;
				TARGETED_DEVICE_FAMILY = 1;
			};
			name = Debug;
		};
		FB59A7C6BBD74E373FB95FF6 /* Release */ = {
			isa = XCBuildConfiguration;
			buildSettings = {
				CODE_SIGN_ENTITLEMENTS = TodoShare/TodoShare.entitlements;
				CODE_SIGN_STYLE = Automatic;
				GENERATE_INFOPLIST_FILE = NO;
				INFOPLIST_FILE = TodoShare/Info.plist;
				INFOPLIST_KEY_CFBundleDisplayName = "할 일로";
				LD_RUNPATH_SEARCH_PATHS = (
					"$(inherited)",
					"@executable_path/Frameworks",
					"@executable_path/../../Frameworks",
				);
				PRODUCT_BUNDLE_IDENTIFIER = com.example.ScheduleDensityApp.TodoShare;
				PRODUCT_NAME = "$(TARGET_NAME)";
				SDKROOT = iphoneos;
				SKIP_INSTALL = YES;
				SWIFT_EMIT_LOC_STRINGS = YES;
				TARGETED_DEVICE_FAMILY = 1;
			};
			name = Release;
		};
/* End XCBuildConfiguration section */

/* Begin XCConfigurationList section */
		7EDE50BC57E32AB976D6AABE /* Build configuration list for PBXNativeTarget "ScheduleDensityApp" */ = {
			isa = XCConfigurationList;
			buildConfigurations = (
				3736E8120EED038999E7C775 /* Debug */,
				B0F78908F2900468A1511CE7 /* Release */,
			);
			defaultConfigurationIsVisible = 0;
			defaultConfigurationName = Debug;
		};
		803709B63DF8C998D4605DB0 /* Build configuration list for PBXNativeTarget "TodoWidgetExtension" */ = {
			isa = XCConfigurationList;
			buildConfigurations = (
				F990B1C3EA4988C1BB31FA96 /* Debug */,
				1A9A14195E2F35DDF66F4638 /* Release */,
			);
			defaultConfigurationIsVisible = 0;
			defaultConfigurationName = Debug;
		};
		9EFE3FBA03B303BE9FE96F6C /* Build configuration list for PBXNativeTarget "TodoShareExtension" */ = {
			isa = XCConfigurationList;
			buildConfigurations = (
				F7F6591F0DD3A739274D415E /* Debug */,
				FB59A7C6BBD74E373FB95FF6 /* Release */,
			);
			defaultConfigurationIsVisible = 0;
			defaultConfigurationName = Debug;
		};
		CEAB56F31E5BACBB2164E6A4 /* Build configuration list for PBXProject "ScheduleDensityApp" */ = {
			isa = XCConfigurationList;
			buildConfigurations = (
				54147216BD39840710C18D1E /* Debug */,
				9593051BEBEFF77DF6CE6524 /* Release */,
			);
			defaultConfigurationIsVisible = 0;
			defaultConfigurationName = Debug;
		};
/* End XCConfigurationList section */

/* Begin XCRemoteSwiftPackageReference section */
		D5D349C3E464375FE4995E70 /* XCRemoteSwiftPackageReference "LeeoKit" */ = {
			isa = XCRemoteSwiftPackageReference;
			repositoryURL = "https://github.com/M1zz/LeeoKit.git";
			requirement = {
				kind = upToNextMajorVersion;
				minimumVersion = 2.6.0;
			};
		};
/* End XCRemoteSwiftPackageReference section */

/* Begin XCSwiftPackageProductDependency section */
		3B0B7D594FCCABF21917463C /* LeeoKit */ = {
			isa = XCSwiftPackageProductDependency;
			package = D5D349C3E464375FE4995E70 /* XCRemoteSwiftPackageReference "LeeoKit" */;
			productName = LeeoKit;
		};
/* End XCSwiftPackageProductDependency section */
	};
	rootObject = FB0FF38CD640C2D56628928D /* Project object */;
}
