{
  "originHash" : "253b56452b90e991b161d96eeecf35f9ceca5ba40f2918dee672212aaa26897e",
  "pins" : [
    {
      "identity" : "leeokit",
      "kind" : "remoteSourceControl",
      "location" : "https://github.com/M1zz/LeeoKit.git",
      "state" : {
        "revision" : "64d22710bac72f60b1db84f495458b404c464722",
        "version" : "3.13.0"
      }
    }
  ],
  "version" : 3
}
